// !$*UTF8*$!
{
	archiveVersion = 1;
	classes = {
	};
	objectVersion = 46;
	objects = {

/* Begin PBXBuildFile section */
		1C6054381B0B063400B0EC4B /* main.m in Sources */ = {isa = PBXBuildFile; fileRef = 1C6054371B0B063400B0EC4B /* main.m */; };
		1C60543B1B0B063400B0EC4B /* AppDelegate.m in Sources */ = {isa = PBXBuildFile; fileRef = 1C60543A1B0B063400B0EC4B /* AppDelegate.m */; };
		1C60543E1B0B063400B0EC4B /* ViewController.m in Sources */ = {isa = PBXBuildFile; fileRef = 1C60543D1B0B063400B0EC4B /* ViewController.m */; };
		1C6054411B0B063400B0EC4B /* Main.storyboard in Resources */ = {isa = PBXBuildFile; fileRef = 1C60543F1B0B063400B0EC4B /* Main.storyboard */; };
		1C6054431B0B063400B0EC4B /* Images.xcassets in Resources */ = {isa = PBXBuildFile; fileRef = 1C6054421B0B063400B0EC4B /* Images.xcassets */; };
		1C6054461B0B063400B0EC4B /* LaunchScreen.xib in Resources */ = {isa = PBXBuildFile; fileRef = 1C6054441B0B063400B0EC4B /* LaunchScreen.xib */; };
		1C6054521B0B063400B0EC4B /* LCAuthcodeViewDemoTests.m in Sources */ = {isa = PBXBuildFile; fileRef = 1C6054511B0B063400B0EC4B /* LCAuthcodeViewDemoTests.m */; };
		1C60545E1B0B06A800B0EC4B /* LCAuthcodeView.m in Sources */ = {isa = PBXBuildFile; fileRef = 1C60545D1B0B06A800B0EC4B /* LCAuthcodeView.m */; };
		1C6054621B0B372F00B0EC4B /* Default-568h@2x.png in Resources */ = {isa = PBXBuildFile; fileRef = 1C6054611B0B372F00B0EC4B /* Default-568h@2x.png */; };
/* End PBXBuildFile section */

/* Begin PBXContainerItemProxy section */
		1C60544C1B0B063400B0EC4B /* PBXContainerItemProxy */ = {
			isa = PBXContainerItemProxy;
			containerPortal = 1C60542A1B0B063400B0EC4B /* Project object */;
			proxyType = 1;
			remoteGlobalIDString = 1C6054311B0B063400B0EC4B;
			remoteInfo = LCAuthcodeViewDemo;
		};
/* End PBXContainerItemProxy section */

/* Begin PBXFileReference section */
		1C6054321B0B063400B0EC4B /* LCAuthcodeViewDemo.app */ = {isa = PBXFileReference; explicitFileType = wrapper.application; includeInIndex = 0; path = LCAuthcodeViewDemo.app; sourceTree = BUILT_PRODUCTS_DIR; };
		1C6054361B0B063400B0EC4B /* Info.plist */ = {isa = PBXFileReference; lastKnownFileType = text.plist.xml; path = Info.plist; sourceTree = "<group>"; };
		1C6054371B0B063400B0EC4B /* main.m */ = {isa = PBXFileReference; lastKnownFileType = sourcecode.c.objc; path = main.m; sourceTree = "<group>"; };
		1C6054391B0B063400B0EC4B /* AppDelegate.h */ = {isa = PBXFileReference; lastKnownFileType = sourcecode.c.h; path = AppDelegate.h; sourceTree = "<group>"; };
		1C60543A1B0B063400B0EC4B /* AppDelegate.m */ = {isa = PBXFileReference; lastKnownFileType = sourcecode.c.objc; path = AppDelegate.m; sourceTree = "<group>"; };
		1C60543C1B0B063400B0EC4B /* ViewController.h */ = {isa = PBXFileReference; lastKnownFileType = sourcecode.c.h; path = ViewController.h; sourceTree = "<group>"; };
		1C60543D1B0B063400B0EC4B /* ViewController.m */ = {isa = PBXFileReference; lastKnownFileType = sourcecode.c.objc; path = ViewController.m; sourceTree = "<group>"; };
		1C6054401B0B063400B0EC4B /* Base */ = {isa = PBXFileReference; lastKnownFileType = file.storyboard; name = Base; path = Base.lproj/Main.storyboard; sourceTree = "<group>"; };
		1C6054421B0B063400B0EC4B /* Images.xcassets */ = {isa = PBXFileReference; lastKnownFileType = folder.assetcatalog; path = Images.xcassets; sourceTree = "<group>"; };
		1C6054451B0B063400B0EC4B /* Base */ = {isa = PBXFileReference; lastKnownFileType = file.xib; name = Base; path = Base.lproj/LaunchScreen.xib; sourceTree = "<group>"; };
		1C60544B1B0B063400B0EC4B /* LCAuthcodeViewDemoTests.xctest */ = {isa = PBXFileReference; explicitFileType = wrapper.cfbundle; includeInIndex = 0; path = LCAuthcodeViewDemoTests.xctest; sourceTree = BUILT_PRODUCTS_DIR; };
		1C6054501B0B063400B0EC4B /* Info.plist */ = {isa = PBXFileReference; lastKnownFileType = text.plist.xml; path = Info.plist; sourceTree = "<group>"; };
		1C6054511B0B063400B0EC4B /* LCAuthcodeViewDemoTests.m */ = {isa = PBXFileReference; lastKnownFileType = sourcecode.c.objc; path = LCAuthcodeViewDemoTests.m; sourceTree = "<group>"; };
		1C60545C1B0B06A800B0EC4B /* LCAuthcodeView.h */ = {isa = PBXFileReference; fileEncoding = 4; lastKnownFileType = sourcecode.c.h; path = LCAuthcodeView.h; sourceTree = "<group>"; };
		1C60545D1B0B06A800B0EC4B /* LCAuthcodeView.m */ = {isa = PBXFileReference; fileEncoding = 4; lastKnownFileType = sourcecode.c.objc; path = LCAuthcodeView.m; sourceTree = "<group>"; };
		1C6054611B0B372F00B0EC4B /* Default-568h@2x.png */ = {isa = PBXFileReference; lastKnownFileType = image.png; path = "Default-568h@2x.png"; sourceTree = "<group>"; };
/* End PBXFileReference section */

/* Begin PBXFrameworksBuildPhase section */
		1C60542F1B0B063400B0EC4B /* Frameworks */ = {
			isa = PBXFrameworksBuildPhase;
			buildActionMask = 2147483647;
			files = (
			);
			runOnlyForDeploymentPostprocessing = 0;
		};
		1C6054481B0B063400B0EC4B /* Frameworks */ = {
			isa = PBXFrameworksBuildPhase;
			buildActionMask = 2147483647;
			files = (
			);
			runOnlyForDeploymentPostprocessing = 0;
		};
/* End PBXFrameworksBuildPhase section */

/* Begin PBXGroup section */
		1C6054291B0B063400B0EC4B = {
			isa = PBXGroup;
			children = (
				1C6054341B0B063400B0EC4B /* LCAuthcodeViewDemo */,
				1C60544E1B0B063400B0EC4B /* LCAuthcodeViewDemoTests */,
				1C6054331B0B063400B0EC4B /* Products */,
			);
			sourceTree = "<group>";
		};
		1C6054331B0B063400B0EC4B /* Products */ = {
			isa = PBXGroup;
			children = (
				1C6054321B0B063400B0EC4B /* LCAuthcodeViewDemo.app */,
				1C60544B1B0B063400B0EC4B /* LCAuthcodeViewDemoTests.xctest */,
			);
			name = Products;
			sourceTree = "<group>";
		};
		1C6054341B0B063400B0EC4B /* LCAuthcodeViewDemo */ = {
			isa = PBXGroup;
			children = (
				1C60545B1B0B06A800B0EC4B /* LCAuthcodeView */,
				1C6054391B0B063400B0EC4B /* AppDelegate.h */,
				1C60543A1B0B063400B0EC4B /* AppDelegate.m */,
				1C60543C1B0B063400B0EC4B /* ViewController.h */,
				1C60543D1B0B063400B0EC4B /* ViewController.m */,
				1C60543F1B0B063400B0EC4B /* Main.storyboard */,
				1C6054421B0B063400B0EC4B /* Images.xcassets */,
				1C6054441B0B063400B0EC4B /* LaunchScreen.xib */,
				1C6054351B0B063400B0EC4B /* Supporting Files */,
			);
			path = LCAuthcodeViewDemo;
			sourceTree = "<group>";
		};
		1C6054351B0B063400B0EC4B /* Supporting Files */ = {
			isa = PBXGroup;
			children = (
				1C6054611B0B372F00B0EC4B /* Default-568h@2x.png */,
				1C6054361B0B063400B0EC4B /* Info.plist */,
				1C6054371B0B063400B0EC4B /* main.m */,
			);
			name = "Supporting Files";
			sourceTree = "<group>";
		};
		1C60544E1B0B063400B0EC4B /* LCAuthcodeViewDemoTests */ = {
			isa = PBXGroup;
			children = (
				1C6054511B0B063400B0EC4B /* LCAuthcodeViewDemoTests.m */,
				1C60544F1B0B063400B0EC4B /* Supporting Files */,
			);
			path = LCAuthcodeViewDemoTests;
			sourceTree = "<group>";
		};
		1C60544F1B0B063400B0EC4B /* Supporting Files */ = {
			isa = PBXGroup;
			children = (
				1C6054501B0B063400B0EC4B /* Info.plist */,
			);
			name = "Supporting Files";
			sourceTree = "<group>";
		};
		1C60545B1B0B06A800B0EC4B /* LCAuthcodeView */ = {
			isa = PBXGroup;
			children = (
				1C60545C1B0B06A800B0EC4B /* LCAuthcodeView.h */,
				1C60545D1B0B06A800B0EC4B /* LCAuthcodeView.m */,
			);
			path = LCAuthcodeView;
			sourceTree = "<group>";
		};
/* End PBXGroup section */

/* Begin PBXNativeTarget section */
		1C6054311B0B063400B0EC4B /* LCAuthcodeViewDemo */ = {
			isa = PBXNativeTarget;
			buildConfigurationList = 1C6054551B0B063400B0EC4B /* Build configuration list for PBXNativeTarget "LCAuthcodeViewDemo" */;
			buildPhases = (
				1C60542E1B0B063400B0EC4B /* Sources */,
				1C60542F1B0B063400B0EC4B /* Frameworks */,
				1C6054301B0B063400B0EC4B /* Resources */,
			);
			buildRules = (
			);
			dependencies = (
			);
			name = LCAuthcodeViewDemo;
			productName = LCAuthcodeViewDemo;
			productReference = 1C6054321B0B063400B0EC4B /* LCAuthcodeViewDemo.app */;
			productType = "com.apple.product-type.application";
		};
		1C60544A1B0B063400B0EC4B /* LCAuthcodeViewDemoTests */ = {
			isa = PBXNativeTarget;
			buildConfigurationList = 1C6054581B0B063400B0EC4B /* Build configuration list for PBXNativeTarget "LCAuthcodeViewDemoTests" */;
			buildPhases = (
				1C6054471B0B063400B0EC4B /* Sources */,
				1C6054481B0B063400B0EC4B /* Frameworks */,
				1C6054491B0B063400B0EC4B /* Resources */,
			);
			buildRules = (
			);
			dependencies = (
				1C60544D1B0B063400B0EC4B /* PBXTargetDependency */,
			);
			name = LCAuthcodeViewDemoTests;
			productName = LCAuthcodeViewDemoTests;
			productReference = 1C60544B1B0B063400B0EC4B /* LCAuthcodeViewDemoTests.xctest */;
			productType = "com.apple.product-type.bundle.unit-test";
		};
/* End PBXNativeTarget section */

/* Begin PBXProject section */
		1C60542A1B0B063400B0EC4B /* Project object */ = {
			isa = PBXProject;
			attributes = {
				LastUpgradeCheck = 0610;
				ORGANIZATIONNAME = zhulicheng;
				TargetAttributes = {
					1C6054311B0B063400B0EC4B = {
						CreatedOnToolsVersion = 6.1.1;
					};
					1C60544A1B0B063400B0EC4B = {
						CreatedOnToolsVersion = 6.1.1;
						TestTargetID = 1C6054311B0B063400B0EC4B;
					};
				};
			};
			buildConfigurationList = 1C60542D1B0B063400B0EC4B /* Build configuration list for PBXProject "LCAuthcodeViewDemo" */;
			compatibilityVersion = "Xcode 3.2";
			developmentRegion = English;
			hasScannedForEncodings = 0;
			knownRegions = (
				en,
				Base,
			);
			mainGroup = 1C6054291B0B063400B0EC4B;
			productRefGroup = 1C6054331B0B063400B0EC4B /* Products */;
			projectDirPath = "";
			projectRoot = "";
			targets = (
				1C6054311B0B063400B0EC4B /* LCAuthcodeViewDemo */,
				1C60544A1B0B063400B0EC4B /* LCAuthcodeViewDemoTests */,
			);
		};
/* End PBXProject section */

/* Begin PBXResourcesBuildPhase section */
		1C6054301B0B063400B0EC4B /* Resources */ = {
			isa = PBXResourcesBuildPhase;
			buildActionMask = 2147483647;
			files = (
				1C6054411B0B063400B0EC4B /* Main.storyboard in Resources */,
				1C6054621B0B372F00B0EC4B /* Default-568h@2x.png in Resources */,
				1C6054461B0B063400B0EC4B /* LaunchScreen.xib in Resources */,
				1C6054431B0B063400B0EC4B /* Images.xcassets in Resources */,
			);
			runOnlyForDeploymentPostprocessing = 0;
		};
		1C6054491B0B063400B0EC4B /* Resources */ = {
			isa = PBXResourcesBuildPhase;
			buildActionMask = 2147483647;
			files = (
			);
			runOnlyForDeploymentPostprocessing = 0;
		};
/* End PBXResourcesBuildPhase section */

/* Begin PBXSourcesBuildPhase section */
		1C60542E1B0B063400B0EC4B /* Sources */ = {
			isa = PBXSourcesBuildPhase;
			buildActionMask = 2147483647;
			files = (
				1C60543E1B0B063400B0EC4B /* ViewController.m in Sources */,
				1C60543B1B0B063400B0EC4B /* AppDelegate.m in Sources */,
				1C60545E1B0B06A800B0EC4B /* LCAuthcodeView.m in Sources */,
				1C6054381B0B063400B0EC4B /* main.m in Sources */,
			);
			runOnlyForDeploymentPostprocessing = 0;
		};
		1C6054471B0B063400B0EC4B /* Sources */ = {
			isa = PBXSourcesBuildPhase;
			buildActionMask = 2147483647;
			files = (
				1C6054521B0B063400B0EC4B /* LCAuthcodeViewDemoTests.m in Sources */,
			);
			runOnlyForDeploymentPostprocessing = 0;
		};
/* End PBXSourcesBuildPhase section */

/* Begin PBXTargetDependency section */
		1C60544D1B0B063400B0EC4B /* PBXTargetDependency */ = {
			isa = PBXTargetDependency;
			target = 1C6054311B0B063400B0EC4B /* LCAuthcodeViewDemo */;
			targetProxy = 1C60544C1B0B063400B0EC4B /* PBXContainerItemProxy */;
		};
/* End PBXTargetDependency section */

/* Begin PBXVariantGroup section */
		1C60543F1B0B063400B0EC4B /* Main.storyboard */ = {
			isa = PBXVariantGroup;
			children = (
				1C6054401B0B063400B0EC4B /* Base */,
			);
			name = Main.storyboard;
			sourceTree = "<group>";
		};
		1C6054441B0B063400B0EC4B /* LaunchScreen.xib */ = {
			isa = PBXVariantGroup;
			children = (
				1C6054451B0B063400B0EC4B /* Base */,
			);
			name = LaunchScreen.xib;
			sourceTree = "<group>";
		};
/* End PBXVariantGroup section */

/* Begin XCBuildConfiguration section */
		1C6054531B0B063400B0EC4B /* Debug */ = {
			isa = XCBuildConfiguration;
			buildSettings = {
				ALWAYS_SEARCH_USER_PATHS = NO;
				CLANG_CXX_LANGUAGE_STANDARD = "gnu++0x";
				CLANG_CXX_LIBRARY = "libc++";
				CLANG_ENABLE_MODULES = YES;
				CLANG_ENABLE_OBJC_ARC = YES;
				CLANG_WARN_BOOL_CONVERSION = YES;
				CLANG_WARN_CONSTANT_CONVERSION = YES;
				CLANG_WARN_DIRECT_OBJC_ISA_USAGE = YES_ERROR;
				CLANG_WARN_EMPTY_BODY = YES;
				CLANG_WARN_ENUM_CONVERSION = YES;
				CLANG_WARN_INT_CONVERSION = YES;
				CLANG_WARN_OBJC_ROOT_CLASS = YES_ERROR;
				CLANG_WARN_UNREACHABLE_CODE = YES;
				CLANG_WARN__DUPLICATE_METHOD_MATCH = YES;
				"CODE_SIGN_IDENTITY[sdk=iphoneos*]" = "iPhone Developer";
				COPY_PHASE_STRIP = NO;
				ENABLE_STRICT_OBJC_MSGSEND = YES;
				GCC_C_LANGUAGE_STANDARD = gnu99;
				GCC_DYNAMIC_NO_PIC = NO;
				GCC_OPTIMIZATION_LEVEL = 0;
				GCC_PREPROCESSOR_DEFINITIONS = (
					"DEBUG=1",
					"$(inherited)",
				);
				GCC_SYMBOLS_PRIVATE_EXTERN = NO;
				GCC_WARN_64_TO_32_BIT_CONVERSION = YES;
				GCC_WARN_ABOUT_RETURN_TYPE = YES_ERROR;
				GCC_WARN_UNDECLARED_SELECTOR = YES;
				GCC_WARN_UNINITIALIZED_AUTOS = YES_AGGRESSIVE;
				GCC_WARN_UNUSED_FUNCTION = YES;
				GCC_WARN_UNUSED_VARIABLE = YES;
				IPHONEOS_DEPLOYMENT_TARGET = 8.1;
				MTL_ENABLE_DEBUG_INFO = YES;
				ONLY_ACTIVE_ARCH = YES;
				SDKROOT = iphoneos;
			};
			name = Debug;
		};
		1C6054541B0B063400B0EC4B /* Release */ = {
			isa = XCBuildConfiguration;
			buildSettings = {
				ALWAYS_SEARCH_USER_PATHS = NO;
				CLANG_CXX_LANGUAGE_STANDARD = "gnu++0x";
				CLANG_CXX_LIBRARY = "libc++";
				CLANG_ENABLE_MODULES = YES;
				CLANG_ENABLE_OBJC_ARC = YES;
				CLANG_WARN_BOOL_CONVERSION = YES;
				CLANG_WARN_CONSTANT_CONVERSION = YES;
				CLANG_WARN_DIRECT_OBJC_ISA_USAGE = YES_ERROR;
				CLANG_WARN_EMPTY_BODY = YES;
				CLANG_WARN_ENUM_CONVERSION = YES;
				CLANG_WARN_INT_CONVERSION = YES;
				CLANG_WARN_OBJC_ROOT_CLASS = YES_ERROR;
				CLANG_WARN_UNREACHABLE_CODE = YES;
				CLANG_WARN__DUPLICATE_METHOD_MATCH = YES;
				"CODE_SIGN_IDENTITY[sdk=iphoneos*]" = "iPhone Developer";
				COPY_PHASE_STRIP = YES;
				ENABLE_NS_ASSERTIONS = NO;
				ENABLE_STRICT_OBJC_MSGSEND = YES;
				GCC_C_LANGUAGE_STANDARD = gnu99;
				GCC_WARN_64_TO_32_BIT_CONVERSION = YES;
				GCC_WARN_ABOUT_RETURN_TYPE = YES_ERROR;
				GCC_WARN_UNDECLARED_SELECTOR = YES;
				GCC_WARN_UNINITIALIZED_AUTOS = YES_AGGRESSIVE;
				GCC_WARN_UNUSED_FUNCTION = YES;
				GCC_WARN_UNUSED_VARIABLE = YES;
				IPHONEOS_DEPLOYMENT_TARGET = 8.1;
				MTL_ENABLE_DEBUG_INFO = NO;
				SDKROOT = iphoneos;
				VALIDATE_PRODUCT = YES;
			};
			name = Release;
		};
		1C6054561B0B063400B0EC4B /* Debug */ = {
			isa = XCBuildConfiguration;
			buildSettings = {
				ASSETCATALOG_COMPILER_APPICON_NAME = AppIcon;
				INFOPLIST_FILE = LCAuthcodeViewDemo/Info.plist;
				IPHONEOS_DEPLOYMENT_TARGET = 7.0;
				LD_RUNPATH_SEARCH_PATHS = "$(inherited) @executable_path/Frameworks";
				PRODUCT_NAME = "$(TARGET_NAME)";
			};
			name = Debug;
		};
		1C6054571B0B063400B0EC4B /* Release */ = {
			isa = XCBuildConfiguration;
			buildSettings = {
				ASSETCATALOG_COMPILER_APPICON_NAME = AppIcon;
				INFOPLIST_FILE = LCAuthcodeViewDemo/Info.plist;
				IPHONEOS_DEPLOYMENT_TARGET = 7.0;
				LD_RUNPATH_SEARCH_PATHS = "$(inherited) @executable_path/Frameworks";
				PRODUCT_NAME = "$(TARGET_NAME)";
			};
			name = Release;
		};
		1C6054591B0B063400B0EC4B /* Debug */ = {
			isa = XCBuildConfiguration;
			buildSettings = {
				BUNDLE_LOADER = "$(TEST_HOST)";
				FRAMEWORK_SEARCH_PATHS = (
					"$(SDKROOT)/Developer/Library/Frameworks",
					"$(inherited)",
				);
				GCC_PREPROCESSOR_DEFINITIONS = (
					"DEBUG=1",
					"$(inherited)",
				);
				INFOPLIST_FILE = LCAuthcodeViewDemoTests/Info.plist;
				LD_RUNPATH_SEARCH_PATHS = "$(inherited) @executable_path/Frameworks @loader_path/Frameworks";
				PRODUCT_NAME = "$(TARGET_NAME)";
				TEST_HOST = "$(BUILT_PRODUCTS_DIR)/LCAuthcodeViewDemo.app/LCAuthcodeViewDemo";
			};
			name = Debug;
		};
		1C60545A1B0B063400B0EC4B /* Release */ = {
			isa = XCBuildConfiguration;
			buildSettings = {
				BUNDLE_LOADER = "$(TEST_HOST)";
				FRAMEWORK_SEARCH_PATHS = (
					"$(SDKROOT)/Developer/Library/Frameworks",
					"$(inherited)",
				);
				INFOPLIST_FILE = LCAuthcodeViewDemoTests/Info.plist;
				LD_RUNPATH_SEARCH_PATHS = "$(inherited) @executable_path/Frameworks @loader_path/Frameworks";
				PRODUCT_NAME = "$(TARGET_NAME)";
				TEST_HOST = "$(BUILT_PRODUCTS_DIR)/LCAuthcodeViewDemo.app/LCAuthcodeViewDemo";
			};
			name = Release;
		};
/* End XCBuildConfiguration section */

/* Begin XCConfigurationList section */
		1C60542D1B0B063400B0EC4B /* Build configuration list for PBXProject "LCAuthcodeViewDemo" */ = {
			isa = XCConfigurationList;
			buildConfigurations = (
				1C6054531B0B063400B0EC4B /* Debug */,
				1C6054541B0B063400B0EC4B /* Release */,
			);
			defaultConfigurationIsVisible = 0;
			defaultConfigurationName = Release;
		};
		1C6054551B0B063400B0EC4B /* Build configuration list for PBXNativeTarget "LCAuthcodeViewDemo" */ = {
			isa = XCConfigurationList;
			buildConfigurations = (
				1C6054561B0B063400B0EC4B /* Debug */,
				1C6054571B0B063400B0EC4B /* Release */,
			);
			defaultConfigurationIsVisible = 0;
			defaultConfigurationName = Release;
		};
		1C6054581B0B063400B0EC4B /* Build configuration list for PBXNativeTarget "LCAuthcodeViewDemoTests" */ = {
			isa = XCConfigurationList;
			buildConfigurations = (
				1C6054591B0B063400B0EC4B /* Debug */,
				1C60545A1B0B063400B0EC4B /* Release */,
			);
			defaultConfigurationIsVisible = 0;
			defaultConfigurationName = Release;
		};
/* End XCConfigurationList section */
	};
	rootObject = 1C60542A1B0B063400B0EC4B /* Project object */;
}
